
Microsoft Visual Studio Solution File, Format Version 12.00
# Visual Studio Version 17
VisualStudioVersion = 17.11.35312.102
MinimumVisualStudioVersion = 10.0.40219.1
Project("{9A19103F-16F7-4668-BE54-9A1E7A4F7556}") = "Pg.Api", "Pg.Api\Pg.Api.csproj", "{73726C9E-9042-45B9-A519-93F6C59CBC7B}"
EndProject
Project("{9A19103F-16F7-4668-BE54-9A1E7A4F7556}") = "Microsoft.AspNetCore.OData", "Microsoft.AspNetCore.OData\Microsoft.AspNetCore.OData.csproj", "{F19DCE62-3C29-4EDE-A7F3-DB510D14BBBC}"
EndProject
Project("{9A19103F-16F7-4668-BE54-9A1E7A4F7556}") = "Microsoft.OData.Core", "Microsoft.OData.Core\Microsoft.OData.Core.csproj", "{A6B25EF2-87FB-4711-A8DB-0FC821917961}"
EndProject
Project("{9A19103F-16F7-4668-BE54-9A1E7A4F7556}") = "Microsoft.OData.Edm", "Microsoft.OData.Edm\Microsoft.OData.Edm.csproj", "{A9ADEAEB-0708-4EEC-A4CB-CCEC829B6989}"
EndProject
Project("{9A19103F-16F7-4668-BE54-9A1E7A4F7556}") = "Microsoft.Spatial", "Microsoft.Spatial\Microsoft.Spatial.csproj", "{B8898D3F-088D-4AE4-81C2-BC3F1585E0C3}"
EndProject
Global
	GlobalSection(SolutionConfigurationPlatforms) = preSolution
		Debug|Any CPU = Debug|Any CPU
		Release|Any CPU = Release|Any CPU
	EndGlobalSection
	GlobalSection(ProjectConfigurationPlatforms) = postSolution
		{73726C9E-9042-45B9-A519-93F6C59CBC7B}.Debug|Any CPU.ActiveCfg = Debug|Any CPU
		{73726C9E-9042-45B9-A519-93F6C59CBC7B}.Debug|Any CPU.Build.0 = Debug|Any CPU
		{73726C9E-9042-45B9-A519-93F6C59CBC7B}.Release|Any CPU.ActiveCfg = Release|Any CPU
		{73726C9E-9042-45B9-A519-93F6C59CBC7B}.Release|Any CPU.Build.0 = Release|Any CPU
		{F19DCE62-3C29-4EDE-A7F3-DB510D14BBBC}.Debug|Any CPU.ActiveCfg = Debug|Any CPU
		{F19DCE62-3C29-4EDE-A7F3-DB510D14BBBC}.Debug|Any CPU.Build.0 = Debug|Any CPU
		{F19DCE62-3C29-4EDE-A7F3-DB510D14BBBC}.Release|Any CPU.ActiveCfg = Release|Any CPU
		{F19DCE62-3C29-4EDE-A7F3-DB510D14BBBC}.Release|Any CPU.Build.0 = Release|Any CPU
		{A6B25EF2-87FB-4711-A8DB-0FC821917961}.Debug|Any CPU.ActiveCfg = Debug|Any CPU
		{A6B25EF2-87FB-4711-A8DB-0FC821917961}.Debug|Any CPU.Build.0 = Debug|Any CPU
		{A6B25EF2-87FB-4711-A8DB-0FC821917961}.Release|Any CPU.ActiveCfg = Release|Any CPU
		{A6B25EF2-87FB-4711-A8DB-0FC821917961}.Release|Any CPU.Build.0 = Release|Any CPU
		{A9ADEAEB-0708-4EEC-A4CB-CCEC829B6989}.Debug|Any CPU.ActiveCfg = Debug|Any CPU
		{A9ADEAEB-0708-4EEC-A4CB-CCEC829B6989}.Debug|Any CPU.Build.0 = Debug|Any CPU
		{A9ADEAEB-0708-4EEC-A4CB-CCEC829B6989}.Release|Any CPU.ActiveCfg = Release|Any CPU
		{A9ADEAEB-0708-4EEC-A4CB-CCEC829B6989}.Release|Any CPU.Build.0 = Release|Any CPU
		{B8898D3F-088D-4AE4-81C2-BC3F1585E0C3}.Debug|Any CPU.ActiveCfg = Debug|Any CPU
		{B8898D3F-088D-4AE4-81C2-BC3F1585E0C3}.Debug|Any CPU.Build.0 = Debug|Any CPU
		{B8898D3F-088D-4AE4-81C2-BC3F1585E0C3}.Release|Any CPU.ActiveCfg = Release|Any CPU
		{B8898D3F-088D-4AE4-81C2-BC3F1585E0C3}.Release|Any CPU.Build.0 = Release|Any CPU
	EndGlobalSection
	GlobalSection(SolutionProperties) = preSolution
		HideSolutionNode = FALSE
	EndGlobalSection
	GlobalSection(ExtensibilityGlobals) = postSolution
		SolutionGuid = {21A0DF3B-1D97-4D81-BED2-4870DC317DA2}
	EndGlobalSection
EndGlobal
